# This file is automatically @generated by Cargo.
# It is not intended for manual editing.
version = 4

[[package]]
name = "loeres-backend-static"
version = "0.6.1"
dependencies = [
 "loeres-core",
]

[[package]]
name = "loeres-backend-std"
version = "0.6.1"
dependencies = [
 "loeres-core",
]

[[package]]
name = "loeres-cluster"
version = "0.6.1"
dependencies = [
 "loeres-backend-std",
 "loeres-core",
]

[[package]]
name = "loeres-core"
version = "0.6.1"

[[package]]
name = "loeres-device"
version = "0.6.1"
dependencies = [
 "loeres-backend-static",
 "loeres-core",
]

[[package]]
name = "xtask"
version = "0.6.1"
