# This file is automatically @generated by Cargo.
# It is not intended for manual editing.
version = 4

[[package]]
name = "loeres"
version = "0.6.3"

[[package]]
name = "loeres-backend-static"
version = "0.6.3"
dependencies = [
 "loeres",
]

[[package]]
name = "loeres-backend-std"
version = "0.6.3"
dependencies = [
 "loeres",
]

[[package]]
name = "loeres-cluster"
version = "0.6.3"
dependencies = [
 "loeres",
 "loeres-backend-std",
]

[[package]]
name = "loeres-device"
version = "0.6.3"
dependencies = [
 "loeres",
 "loeres-backend-static",
]

[[package]]
name = "xtask"
version = "0.6.3"
