# This file is automatically @generated by Cargo.
# It is not intended for manual editing.
version = 4

[[package]]
name = "cluster-qp-constrained"
version = "0.0.0"
dependencies = [
 "loeres",
 "loeres-backend-std",
 "loeres-cluster",
]

[[package]]
name = "loeres"
version = "0.21.1"

[[package]]
name = "loeres-backend-std"
version = "0.21.1"
dependencies = [
 "loeres",
]

[[package]]
name = "loeres-cluster"
version = "0.21.1"
dependencies = [
 "loeres",
 "loeres-backend-std",
]
