# This file is automatically @generated by Cargo.
# It is not intended for manual editing.
version = 4

[[package]]
name = "device-size-reference"
version = "0.0.0"
dependencies = [
 "loeres",
 "loeres-backend-static",
 "loeres-device",
]

[[package]]
name = "loeres"
version = "0.22.4"

[[package]]
name = "loeres-backend-static"
version = "0.22.4"
dependencies = [
 "loeres",
]

[[package]]
name = "loeres-device"
version = "0.22.4"
dependencies = [
 "loeres",
 "loeres-backend-static",
]
